
Microsoft Visual Studio Solution File, Format Version 12.00
# Visual Studio Version 17
VisualStudioVersion = 17.10.35122.118
MinimumVisualStudioVersion = 10.0.40219.1
Project("{C9674DCB-5085-4A16-B785-4C70DD1589BD}") = "SSIS", "SSIS\SSIS.dtproj", "{7E7C7C58-B75C-48B5-B88F-B575F78F6E04}"
EndProject
Global
	GlobalSection(SolutionConfigurationPlatforms) = preSolution
		Development|Default = Development|Default
	EndGlobalSection
	GlobalSection(ProjectConfigurationPlatforms) = postSolution
		{7E7C7C58-B75C-48B5-B88F-B575F78F6E04}.Development|Default.ActiveCfg = Development
		{7E7C7C58-B75C-48B5-B88F-B575F78F6E04}.Development|Default.Build.0 = Development
	EndGlobalSection
	GlobalSection(SolutionProperties) = preSolution
		HideSolutionNode = FALSE
	EndGlobalSection
	GlobalSection(ExtensibilityGlobals) = postSolution
		SolutionGuid = {ACDA3557-FB52-4489-B215-C70E68EE76D1}
	EndGlobalSection
EndGlobal
